// !$*UTF8*$!
{
	archiveVersion = 1;
	classes = {
	};
	objectVersion = 46;
	objects = {

/* Begin PBXBuildFile section */
		6D3BC2451DF89F6B006BFB27 /* AppDelegate.swift in Sources */ = {isa = PBXBuildFile; fileRef = 6D3BC2441DF89F6B006BFB27 /* AppDelegate.swift */; };
		6D3BC2471DF89F6B006BFB27 /* ViewController.swift in Sources */ = {isa = PBXBuildFile; fileRef = 6D3BC2461DF89F6B006BFB27 /* ViewController.swift */; };
		6D3BC24A1DF89F6B006BFB27 /* Main.storyboard in Resources */ = {isa = PBXBuildFile; fileRef = 6D3BC2481DF89F6B006BFB27 /* Main.storyboard */; };
		6D3BC24D1DF89F6B006BFB27 /* PokemonCatch.xcdatamodeld in Sources */ = {isa = PBXBuildFile; fileRef = 6D3BC24B1DF89F6B006BFB27 /* PokemonCatch.xcdatamodeld */; };
		6D3BC24F1DF89F6B006BFB27 /* Assets.xcassets in Resources */ = {isa = PBXBuildFile; fileRef = 6D3BC24E1DF89F6B006BFB27 /* Assets.xcassets */; };
		6D3BC2521DF89F6B006BFB27 /* LaunchScreen.storyboard in Resources */ = {isa = PBXBuildFile; fileRef = 6D3BC2501DF89F6B006BFB27 /* LaunchScreen.storyboard */; };
/* End PBXBuildFile section */

/* Begin PBXFileReference section */
		6D3BC2411DF89F6B006BFB27 /* PokemonCatch.app */ = {isa = PBXFileReference; explicitFileType = wrapper.application; includeInIndex = 0; path = PokemonCatch.app; sourceTree = BUILT_PRODUCTS_DIR; };
		6D3BC2441DF89F6B006BFB27 /* AppDelegate.swift */ = {isa = PBXFileReference; lastKnownFileType = sourcecode.swift; path = AppDelegate.swift; sourceTree = "<group>"; };
		6D3BC2461DF89F6B006BFB27 /* ViewController.swift */ = {isa = PBXFileReference; lastKnownFileType = sourcecode.swift; path = ViewController.swift; sourceTree = "<group>"; };
		6D3BC2491DF89F6B006BFB27 /* Base */ = {isa = PBXFileReference; lastKnownFileType = file.storyboard; name = Base; path = Base.lproj/Main.storyboard; sourceTree = "<group>"; };
		6D3BC24C1DF89F6B006BFB27 /* PokemonCatch.xcdatamodel */ = {isa = PBXFileReference; lastKnownFileType = wrapper.xcdatamodel; path = PokemonCatch.xcdatamodel; sourceTree = "<group>"; };
		6D3BC24E1DF89F6B006BFB27 /* Assets.xcassets */ = {isa = PBXFileReference; lastKnownFileType = folder.assetcatalog; path = Assets.xcassets; sourceTree = "<group>"; };
		6D3BC2511DF89F6B006BFB27 /* Base */ = {isa = PBXFileReference; lastKnownFileType = file.storyboard; name = Base; path = Base.lproj/LaunchScreen.storyboard; sourceTree = "<group>"; };
		6D3BC2531DF89F6B006BFB27 /* Info.plist */ = {isa = PBXFileReference; lastKnownFileType = text.plist.xml; path = Info.plist; sourceTree = "<group>"; };
/* End PBXFileReference section */

/* Begin PBXFrameworksBuildPhase section */
		6D3BC23E1DF89F6B006BFB27 /* Frameworks */ = {
			isa = PBXFrameworksBuildPhase;
			buildActionMask = 2147483647;
			files = (
			);
			runOnlyForDeploymentPostprocessing = 0;
		};
/* End PBXFrameworksBuildPhase section */

/* Begin PBXGroup section */
		6D3BC2381DF89F6B006BFB27 = {
			isa = PBXGroup;
			children = (
				6D3BC2431DF89F6B006BFB27 /* PokemonCatch */,
				6D3BC2421DF89F6B006BFB27 /* Products */,
			);
			sourceTree = "<group>";
		};
		6D3BC2421DF89F6B006BFB27 /* Products */ = {
			isa = PBXGroup;
			children = (
				6D3BC2411DF89F6B006BFB27 /* PokemonCatch.app */,
			);
			name = Products;
			sourceTree = "<group>";
		};
		6D3BC2431DF89F6B006BFB27 /* PokemonCatch */ = {
			isa = PBXGroup;
			children = (
				6D3BC2441DF89F6B006BFB27 /* AppDelegate.swift */,
				6D3BC2461DF89F6B006BFB27 /* ViewController.swift */,
				6D3BC2481DF89F6B006BFB27 /* Main.storyboard */,
				6D3BC24E1DF89F6B006BFB27 /* Assets.xcassets */,
				6D3BC2501DF89F6B006BFB27 /* LaunchScreen.storyboard */,
				6D3BC2531DF89F6B006BFB27 /* Info.plist */,
				6D3BC24B1DF89F6B006BFB27 /* PokemonCatch.xcdatamodeld */,
			);
			path = PokemonCatch;
			sourceTree = "<group>";
		};
/* End PBXGroup section */

/* Begin PBXNativeTarget section */
		6D3BC2401DF89F6B006BFB27 /* PokemonCatch */ = {
			isa = PBXNativeTarget;
			buildConfigurationList = 6D3BC2561DF89F6B006BFB27 /* Build configuration list for PBXNativeTarget "PokemonCatch" */;
			buildPhases = (
				6D3BC23D1DF89F6B006BFB27 /* Sources */,
				6D3BC23E1DF89F6B006BFB27 /* Frameworks */,
				6D3BC23F1DF89F6B006BFB27 /* Resources */,
			);
			buildRules = (
			);
			dependencies = (
			);
			name = PokemonCatch;
			productName = PokemonCatch;
			productReference = 6D3BC2411DF89F6B006BFB27 /* PokemonCatch.app */;
			productType = "com.apple.product-type.application";
		};
/* End PBXNativeTarget section */

/* Begin PBXProject section */
		6D3BC2391DF89F6B006BFB27 /* Project object */ = {
			isa = PBXProject;
			attributes = {
				LastSwiftUpdateCheck = 0800;
				LastUpgradeCheck = 0800;
				ORGANIZATIONNAME = "Mark Langlois";
				TargetAttributes = {
					6D3BC2401DF89F6B006BFB27 = {
						CreatedOnToolsVersion = 8.0;
						DevelopmentTeam = K2M333HB95;
						ProvisioningStyle = Automatic;
					};
				};
			};
			buildConfigurationList = 6D3BC23C1DF89F6B006BFB27 /* Build configuration list for PBXProject "PokemonCatch" */;
			compatibilityVersion = "Xcode 3.2";
			developmentRegion = English;
			hasScannedForEncodings = 0;
			knownRegions = (
				en,
				Base,
			);
			mainGroup = 6D3BC2381DF89F6B006BFB27;
			productRefGroup = 6D3BC2421DF89F6B006BFB27 /* Products */;
			projectDirPath = "";
			projectRoot = "";
			targets = (
				6D3BC2401DF89F6B006BFB27 /* PokemonCatch */,
			);
		};
/* End PBXProject section */

/* Begin PBXResourcesBuildPhase section */
		6D3BC23F1DF89F6B006BFB27 /* Resources */ = {
			isa = PBXResourcesBuildPhase;
			buildActionMask = 2147483647;
			files = (
				6D3BC2521DF89F6B006BFB27 /* LaunchScreen.storyboard in Resources */,
				6D3BC24F1DF89F6B006BFB27 /* Assets.xcassets in Resources */,
				6D3BC24A1DF89F6B006BFB27 /* Main.storyboard in Resources */,
			);
			runOnlyForDeploymentPostprocessing = 0;
		};
/* End PBXResourcesBuildPhase section */

/* Begin PBXSourcesBuildPhase section */
		6D3BC23D1DF89F6B006BFB27 /* Sources */ = {
			isa = PBXSourcesBuildPhase;
			buildActionMask = 2147483647;
			files = (
				6D3BC2471DF89F6B006BFB27 /* ViewController.swift in Sources */,
				6D3BC2451DF89F6B006BFB27 /* AppDelegate.swift in Sources */,
				6D3BC24D1DF89F6B006BFB27 /* PokemonCatch.xcdatamodeld in Sources */,
			);
			runOnlyForDeploymentPostprocessing = 0;
		};
/* End PBXSourcesBuildPhase section */

/* Begin PBXVariantGroup section */
		6D3BC2481DF89F6B006BFB27 /* Main.storyboard */ = {
			isa = PBXVariantGroup;
			children = (
				6D3BC2491DF89F6B006BFB27 /* Base */,
			);
			name = Main.storyboard;
			sourceTree = "<group>";
		};
		6D3BC2501DF89F6B006BFB27 /* LaunchScreen.storyboard */ = {
			isa = PBXVariantGroup;
			children = (
				6D3BC2511DF89F6B006BFB27 /* Base */,
			);
			name = LaunchScreen.storyboard;
			sourceTree = "<group>";
		};
/* End PBXVariantGroup section */

/* Begin XCBuildConfiguration section */
		6D3BC2541DF89F6B006BFB27 /* Debug */ = {
			isa = XCBuildConfiguration;
			buildSettings = {
				ALWAYS_SEARCH_USER_PATHS = NO;
				CLANG_ANALYZER_NONNULL = YES;
				CLANG_CXX_LANGUAGE_STANDARD = "gnu++0x";
				CLANG_CXX_LIBRARY = "libc++";
				CLANG_ENABLE_MODULES = YES;
				CLANG_ENABLE_OBJC_ARC = YES;
				CLANG_WARN_BOOL_CONVERSION = YES;
				CLANG_WARN_CONSTANT_CONVERSION = YES;
				CLANG_WARN_DIRECT_OBJC_ISA_USAGE = YES_ERROR;
				CLANG_WARN_DOCUMENTATION_COMMENTS = YES;
				CLANG_WARN_EMPTY_BODY = YES;
				CLANG_WARN_ENUM_CONVERSION = YES;
				CLANG_WARN_INFINITE_RECURSION = YES;
				CLANG_WARN_INT_CONVERSION = YES;
				CLANG_WARN_OBJC_ROOT_CLASS = YES_ERROR;
				CLANG_WARN_SUSPICIOUS_MOVES = YES;
				CLANG_WARN_UNREACHABLE_CODE = YES;
				CLANG_WARN__DUPLICATE_METHOD_MATCH = YES;
				"CODE_SIGN_IDENTITY[sdk=iphoneos*]" = "iPhone Developer";
				COPY_PHASE_STRIP = NO;
				DEBUG_INFORMATION_FORMAT = dwarf;
				ENABLE_STRICT_OBJC_MSGSEND = YES;
				ENABLE_TESTABILITY = YES;
				GCC_C_LANGUAGE_STANDARD = gnu99;
				GCC_DYNAMIC_NO_PIC = NO;
				GCC_NO_COMMON_BLOCKS = YES;
				GCC_OPTIMIZATION_LEVEL = 0;
				GCC_PREPROCESSOR_DEFINITIONS = (
					"DEBUG=1",
					"$(inherited)",
				);
				GCC_WARN_64_TO_32_BIT_CONVERSION = YES;
				GCC_WARN_ABOUT_RETURN_TYPE = YES_ERROR;
				GCC_WARN_UNDECLARED_SELECTOR = YES;
				GCC_WARN_UNINITIALIZED_AUTOS = YES_AGGRESSIVE;
				GCC_WARN_UNUSED_FUNCTION = YES;
				GCC_WARN_UNUSED_VARIABLE = YES;
				IPHONEOS_DEPLOYMENT_TARGET = 10.0;
				MTL_ENABLE_DEBUG_INFO = YES;
				ONLY_ACTIVE_ARCH = YES;
				SDKROOT = iphoneos;
				SWIFT_ACTIVE_COMPILATION_CONDITIONS = DEBUG;
				SWIFT_OPTIMIZATION_LEVEL = "-Onone";
				TARGETED_DEVICE_FAMILY = "1,2";
			};
			name = Debug;
		};
		6D3BC2551DF89F6B006BFB27 /* Release */ = {
			isa = XCBuildConfiguration;
			buildSettings = {
				ALWAYS_SEARCH_USER_PATHS = NO;
				CLANG_ANALYZER_NONNULL = YES;
				CLANG_CXX_LANGUAGE_STANDARD = "gnu++0x";
				CLANG_CXX_LIBRARY = "libc++";
				CLANG_ENABLE_MODULES = YES;
				CLANG_ENABLE_OBJC_ARC = YES;
				CLANG_WARN_BOOL_CONVERSION = YES;
				CLANG_WARN_CONSTANT_CONVERSION = YES;
				CLANG_WARN_DIRECT_OBJC_ISA_USAGE = YES_ERROR;
				CLANG_WARN_DOCUMENTATION_COMMENTS = YES;
				CLANG_WARN_EMPTY_BODY = YES;
				CLANG_WARN_ENUM_CONVERSION = YES;
				CLANG_WARN_INFINITE_RECURSION = YES;
				CLANG_WARN_INT_CONVERSION = YES;
				CLANG_WARN_OBJC_ROOT_CLASS = YES_ERROR;
				CLANG_WARN_SUSPICIOUS_MOVES = YES;
				CLANG_WARN_UNREACHABLE_CODE = YES;
				CLANG_WARN__DUPLICATE_METHOD_MATCH = YES;
				"CODE_SIGN_IDENTITY[sdk=iphoneos*]" = "iPhone Developer";
				COPY_PHASE_STRIP = NO;
				DEBUG_INFORMATION_FORMAT = "dwarf-with-dsym";
				ENABLE_NS_ASSERTIONS = NO;
				ENABLE_STRICT_OBJC_MSGSEND = YES;
				GCC_C_LANGUAGE_STANDARD = gnu99;
				GCC_NO_COMMON_BLOCKS = YES;
				GCC_WARN_64_TO_32_BIT_CONVERSION = YES;
				GCC_WARN_ABOUT_RETURN_TYPE = YES_ERROR;
				GCC_WARN_UNDECLARED_SELECTOR = YES;
				GCC_WARN_UNINITIALIZED_AUTOS = YES_AGGRESSIVE;
				GCC_WARN_UNUSED_FUNCTION = YES;
				GCC_WARN_UNUSED_VARIABLE = YES;
				IPHONEOS_DEPLOYMENT_TARGET = 10.0;
				MTL_ENABLE_DEBUG_INFO = NO;
				SDKROOT = iphoneos;
				SWIFT_OPTIMIZATION_LEVEL = "-Owholemodule";
				TARGETED_DEVICE_FAMILY = "1,2";
				VALIDATE_PRODUCT = YES;
			};
			name = Release;
		};
		6D3BC2571DF89F6B006BFB27 /* Debug */ = {
			isa = XCBuildConfiguration;
			buildSettings = {
				ASSETCATALOG_COMPILER_APPICON_NAME = AppIcon;
				DEVELOPMENT_TEAM = K2M333HB95;
				INFOPLIST_FILE = PokemonCatch/Info.plist;
				LD_RUNPATH_SEARCH_PATHS = "$(inherited) @executable_path/Frameworks";
				PRODUCT_BUNDLE_IDENTIFIER = com.boldtypemedia.PokemonCatch;
				PRODUCT_NAME = "$(TARGET_NAME)";
				SWIFT_VERSION = 3.0;
			};
			name = Debug;
		};
		6D3BC2581DF89F6B006BFB27 /* Release */ = {
			isa = XCBuildConfiguration;
			buildSettings = {
				ASSETCATALOG_COMPILER_APPICON_NAME = AppIcon;
				DEVELOPMENT_TEAM = K2M333HB95;
				INFOPLIST_FILE = PokemonCatch/Info.plist;
				LD_RUNPATH_SEARCH_PATHS = "$(inherited) @executable_path/Frameworks";
				PRODUCT_BUNDLE_IDENTIFIER = com.boldtypemedia.PokemonCatch;
				PRODUCT_NAME = "$(TARGET_NAME)";
				SWIFT_VERSION = 3.0;
			};
			name = Release;
		};
/* End XCBuildConfiguration section */

/* Begin XCConfigurationList section */
		6D3BC23C1DF89F6B006BFB27 /* Build configuration list for PBXProject "PokemonCatch" */ = {
			isa = XCConfigurationList;
			buildConfigurations = (
				6D3BC2541DF89F6B006BFB27 /* Debug */,
				6D3BC2551DF89F6B006BFB27 /* Release */,
			);
			defaultConfigurationIsVisible = 0;
			defaultConfigurationName = Release;
		};
		6D3BC2561DF89F6B006BFB27 /* Build configuration list for PBXNativeTarget "PokemonCatch" */ = {
			isa = XCConfigurationList;
			buildConfigurations = (
				6D3BC2571DF89F6B006BFB27 /* Debug */,
				6D3BC2581DF89F6B006BFB27 /* Release */,
			);
			defaultConfigurationIsVisible = 0;
		};
/* End XCConfigurationList section */

/* Begin XCVersionGroup section */
		6D3BC24B1DF89F6B006BFB27 /* PokemonCatch.xcdatamodeld */ = {
			isa = XCVersionGroup;
			children = (
				6D3BC24C1DF89F6B006BFB27 /* PokemonCatch.xcdatamodel */,
			);
			currentVersion = 6D3BC24C1DF89F6B006BFB27 /* PokemonCatch.xcdatamodel */;
			path = PokemonCatch.xcdatamodeld;
			sourceTree = "<group>";
			versionGroupType = wrapper.xcdatamodel;
		};
/* End XCVersionGroup section */
	};
	rootObject = 6D3BC2391DF89F6B006BFB27 /* Project object */;
}
